// !$*UTF8*$!
{
	archiveVersion = 1;
	classes = {
	};
	objectVersion = 46;
	objects = {

/* Begin PBXBuildFile section */
		22247E0A1928F67600719F8D /* test.c in Sources */ = {isa = PBXBuildFile; fileRef = 22247E091928F67600719F8D /* test.c */; };
		222EF61019055DFD000270C3 /* install.c in Sources */ = {isa = PBXBuildFile; fileRef = 222EF60F19055DFD000270C3 /* install.c */; };
		22310D6A1874F4B10092C107 /* CoreFoundation.framework in Frameworks */ = {isa = PBXBuildFile; fileRef = 22310D691874F4B10092C107 /* CoreFoundation.framework */; };
		22310D6D1874F4B10092C107 /* main.c in Sources */ = {isa = PBXBuildFile; fileRef = 22310D6C1874F4B10092C107 /* main.c */; };
		22310D6F1874F4B10092C107 /* iOSConsole.1 in CopyFiles */ = {isa = PBXBuildFile; fileRef = 22310D6E1874F4B10092C107 /* iOSConsole.1 */; };
		22310DB018750D9E0092C107 /* SDMMD_MCP.c in Sources */ = {isa = PBXBuildFile; fileRef = 22310D8818750D430092C107 /* SDMMD_MCP.c */; };
		22310DB118750D9E0092C107 /* SDMMD_Applications.c in Sources */ = {isa = PBXBuildFile; fileRef = 22310D8B18750D430092C107 /* SDMMD_Applications.c */; };
		22310DB218750D9E0092C107 /* SDMMD_Connection.c in Sources */ = {isa = PBXBuildFile; fileRef = 22310D8E18750D430092C107 /* SDMMD_Connection.c */; };
		22310DB318750D9E0092C107 /* SDMMD_Error.c in Sources */ = {isa = PBXBuildFile; fileRef = 22310D9118750D430092C107 /* SDMMD_Error.c */; };
		22310DB418750D9E0092C107 /* SDMMD_AMDevice.c in Sources */ = {isa = PBXBuildFile; fileRef = 22310D9418750D430092C107 /* SDMMD_AMDevice.c */; };
		22310DB518750D9E0092C107 /* SDMMD_Notification.c in Sources */ = {isa = PBXBuildFile; fileRef = 22310DA218750D430092C107 /* SDMMD_Notification.c */; };
		22310DB618750D9E0092C107 /* SDMMD_Service.c in Sources */ = {isa = PBXBuildFile; fileRef = 22310DA718750D430092C107 /* SDMMD_Service.c */; };
		22310DB818750D9E0092C107 /* SDMMD_USBMuxListener.c in Sources */ = {isa = PBXBuildFile; fileRef = 22310DAE18750D430092C107 /* SDMMD_USBMuxListener.c */; };
		22310DC618750DCF0092C107 /* libssl.dylib in Frameworks */ = {isa = PBXBuildFile; fileRef = 22310DC518750DCF0092C107 /* libssl.dylib */; };
		22310DC818750DE70092C107 /* libcrypto.dylib in Frameworks */ = {isa = PBXBuildFile; fileRef = 22310DC718750DE70092C107 /* libcrypto.dylib */; };
		22648F96189440F700133948 /* power.c in Sources */ = {isa = PBXBuildFile; fileRef = 22648F95189440F700133948 /* power.c */; };
		22648F9B18947DE100133948 /* IOKit.framework in Frameworks */ = {isa = PBXBuildFile; fileRef = 22648F9A18947DE100133948 /* IOKit.framework */; };
		22A58EBA19119F1100303D31 /* CFStringAddition.c in Sources */ = {isa = PBXBuildFile; fileRef = 22A58EB819119F1100303D31 /* CFStringAddition.c */; };
		22B9556B18788CB6004DCBF0 /* syslog.c in Sources */ = {isa = PBXBuildFile; fileRef = 22B9556A18788CB6004DCBF0 /* syslog.c */; };
		22B95571187895DB004DCBF0 /* query.c in Sources */ = {isa = PBXBuildFile; fileRef = 22B95570187895DB004DCBF0 /* query.c */; };
		22B9557418789837004DCBF0 /* list.c in Sources */ = {isa = PBXBuildFile; fileRef = 22B9557318789837004DCBF0 /* list.c */; };
		22B9557918789DB7004DCBF0 /* attach.c in Sources */ = {isa = PBXBuildFile; fileRef = 22B9557818789DB7004DCBF0 /* attach.c */; };
		22B9557D1878A7A2004DCBF0 /* service.c in Sources */ = {isa = PBXBuildFile; fileRef = 22B9557C1878A7A2004DCBF0 /* service.c */; };
		22B955821878DA5F004DCBF0 /* apps.c in Sources */ = {isa = PBXBuildFile; fileRef = 22B955811878DA5F004DCBF0 /* apps.c */; };
		22B955881878F14F004DCBF0 /* run.c in Sources */ = {isa = PBXBuildFile; fileRef = 22B955871878F14F004DCBF0 /* run.c */; };
		22B9558A1878F4A7004DCBF0 /* SDMMD_Debugger.c in Sources */ = {isa = PBXBuildFile; fileRef = 22310DA518750D430092C107 /* SDMMD_Debugger.c */; };
		22C892B3189D75C7008B1D2D /* Buffer.c in Sources */ = {isa = PBXBuildFile; fileRef = 22C892B1189D75C7008B1D2D /* Buffer.c */; };
		22C892B6189D75CC008B1D2D /* CFDataAddition.c in Sources */ = {isa = PBXBuildFile; fileRef = 22C892B4189D75CC008B1D2D /* CFDataAddition.c */; };
		22D7FA3F18F56B7A0034CC66 /* SDMMD_AppleFileConduit.c in Sources */ = {isa = PBXBuildFile; fileRef = 22D7FA3D18F56B7A0034CC66 /* SDMMD_AppleFileConduit.c */; };
		22DEF94018833562008E909F /* CFTypeAddition.c in Sources */ = {isa = PBXBuildFile; fileRef = 22DEF93F18833562008E909F /* CFTypeAddition.c */; };
		22EFC8BC1900293500C29BFF /* File.c in Sources */ = {isa = PBXBuildFile; fileRef = 22EFC8BA1900293500C29BFF /* File.c */; };
		22EFC8C01900331500C29BFF /* dev.c in Sources */ = {isa = PBXBuildFile; fileRef = 22EFC8BF1900331500C29BFF /* dev.c */; };
		22FE3F10189E84B2005C2DB2 /* springboard.c in Sources */ = {isa = PBXBuildFile; fileRef = 22FE3F0F189E84B2005C2DB2 /* springboard.c */; };
		22FFB8CE1880DE140073095D /* CFDictionaryAddition.c in Sources */ = {isa = PBXBuildFile; fileRef = 22FFB8C21880DE140073095D /* CFDictionaryAddition.c */; };
		22FFB8CF1880DE140073095D /* Matrix.c in Sources */ = {isa = PBXBuildFile; fileRef = 22FFB8C61880DE140073095D /* Matrix.c */; };
		22FFB8D01880DE140073095D /* Vector.c in Sources */ = {isa = PBXBuildFile; fileRef = 22FFB8C81880DE140073095D /* Vector.c */; };
/* End PBXBuildFile section */

/* Begin PBXCopyFilesBuildPhase section */
		22310D641874F4B10092C107 /* CopyFiles */ = {
			isa = PBXCopyFilesBuildPhase;
			buildActionMask = 2147483647;
			dstPath = /usr/share/man/man1/;
			dstSubfolderSpec = 0;
			files = (
				22310D6F1874F4B10092C107 /* iOSConsole.1 in CopyFiles */,
			);
			runOnlyForDeploymentPostprocessing = 1;
		};
/* End PBXCopyFilesBuildPhase section */

/* Begin PBXFileReference section */
		220B5B1B188374D80082AF84 /* SDMMD_Types.h */ = {isa = PBXFileReference; fileEncoding = 4; lastKnownFileType = sourcecode.c.h; path = SDMMD_Types.h; sourceTree = "<group>"; };
		220B5B1C188375040082AF84 /* Attributes.h */ = {isa = PBXFileReference; fileEncoding = 4; lastKnownFileType = sourcecode.c.h; path = Attributes.h; sourceTree = "<group>"; };
		22247E081928F66E00719F8D /* test.h */ = {isa = PBXFileReference; lastKnownFileType = sourcecode.c.h; path = test.h; sourceTree = "<group>"; };
		22247E091928F67600719F8D /* test.c */ = {isa = PBXFileReference; fileEncoding = 4; lastKnownFileType = sourcecode.c.c; path = test.c; sourceTree = "<group>"; };
		2225F1E81905D35400AF501E /* SDMMD_Debugger_Internal.h */ = {isa = PBXFileReference; lastKnownFileType = sourcecode.c.h; path = SDMMD_Debugger_Internal.h; sourceTree = "<group>"; };
		222EF60E19055DF5000270C3 /* install.h */ = {isa = PBXFileReference; lastKnownFileType = sourcecode.c.h; path = install.h; sourceTree = "<group>"; };
		222EF60F19055DFD000270C3 /* install.c */ = {isa = PBXFileReference; fileEncoding = 4; lastKnownFileType = sourcecode.c.c; path = install.c; sourceTree = "<group>"; };
		22310D661874F4B10092C107 /* iOSConsole */ = {isa = PBXFileReference; explicitFileType = "compiled.mach-o.executable"; includeInIndex = 0; path = iOSConsole; sourceTree = BUILT_PRODUCTS_DIR; };
		22310D691874F4B10092C107 /* CoreFoundation.framework */ = {isa = PBXFileReference; lastKnownFileType = wrapper.framework; name = CoreFoundation.framework; path = System/Library/Frameworks/CoreFoundation.framework; sourceTree = SDKROOT; };
		22310D6C1874F4B10092C107 /* main.c */ = {isa = PBXFileReference; lastKnownFileType = sourcecode.c.c; path = main.c; sourceTree = "<group>"; };
		22310D6E1874F4B10092C107 /* iOSConsole.1 */ = {isa = PBXFileReference; lastKnownFileType = text.man; path = iOSConsole.1; sourceTree = "<group>"; };
		22310D751874F5420092C107 /* SDMMobileDevice.framework */ = {isa = PBXFileReference; lastKnownFileType = wrapper.framework; name = SDMMobileDevice.framework; path = ../build/Debug/SDMMobileDevice.framework; sourceTree = "<group>"; };
		22310D7918750D430092C107 /* CFRuntime.h */ = {isa = PBXFileReference; lastKnownFileType = sourcecode.c.h; path = CFRuntime.h; sourceTree = "<group>"; };
		22310D7B18750D430092C107 /* SDMMD_AFC.c */ = {isa = PBXFileReference; lastKnownFileType = sourcecode.c.c; path = SDMMD_AFC.c; sourceTree = "<group>"; };
		22310D7C18750D430092C107 /* SDMMD_AFC.h */ = {isa = PBXFileReference; lastKnownFileType = sourcecode.c.h; path = SDMMD_AFC.h; sourceTree = "<group>"; };
		22310D7D18750D430092C107 /* SDMMD_AFCCondition.c */ = {isa = PBXFileReference; lastKnownFileType = sourcecode.c.c; path = SDMMD_AFCCondition.c; sourceTree = "<group>"; };
		22310D7E18750D430092C107 /* SDMMD_AFCCondition.h */ = {isa = PBXFileReference; lastKnownFileType = sourcecode.c.h; path = SDMMD_AFCCondition.h; sourceTree = "<group>"; };
		22310D7F18750D430092C107 /* SDMMD_AFCDevice.c */ = {isa = PBXFileReference; lastKnownFileType = sourcecode.c.c; path = SDMMD_AFCDevice.c; sourceTree = "<group>"; };
		22310D8018750D430092C107 /* SDMMD_AFCDevice.h */ = {isa = PBXFileReference; lastKnownFileType = sourcecode.c.h; path = SDMMD_AFCDevice.h; sourceTree = "<group>"; };
		22310D8118750D430092C107 /* SDMMD_AFCIterator.c */ = {isa = PBXFileReference; lastKnownFileType = sourcecode.c.c; path = SDMMD_AFCIterator.c; sourceTree = "<group>"; };
		22310D8218750D430092C107 /* SDMMD_AFCIterator.h */ = {isa = PBXFileReference; lastKnownFileType = sourcecode.c.h; path = SDMMD_AFCIterator.h; sourceTree = "<group>"; };
		22310D8318750D430092C107 /* SDMMD_AFCLock.c */ = {isa = PBXFileReference; lastKnownFileType = sourcecode.c.c; path = SDMMD_AFCLock.c; sourceTree = "<group>"; };
		22310D8418750D430092C107 /* SDMMD_AFCLock.h */ = {isa = PBXFileReference; lastKnownFileType = sourcecode.c.h; path = SDMMD_AFCLock.h; sourceTree = "<group>"; };
		22310D8518750D430092C107 /* SDMMD_AFCOperation.c */ = {isa = PBXFileReference; lastKnownFileType = sourcecode.c.c; path = SDMMD_AFCOperation.c; sourceTree = "<group>"; };
		22310D8618750D430092C107 /* SDMMD_AFCOperation.h */ = {isa = PBXFileReference; lastKnownFileType = sourcecode.c.h; path = SDMMD_AFCOperation.h; sourceTree = "<group>"; };
		22310D8718750D430092C107 /* SDMMD_Functions.h */ = {isa = PBXFileReference; lastKnownFileType = sourcecode.c.h; path = SDMMD_Functions.h; sourceTree = "<group>"; };
		22310D8818750D430092C107 /* SDMMD_MCP.c */ = {isa = PBXFileReference; lastKnownFileType = sourcecode.c.c; path = SDMMD_MCP.c; sourceTree = "<group>"; };
		22310D8918750D430092C107 /* SDMMD_MCP.h */ = {isa = PBXFileReference; lastKnownFileType = sourcecode.c.h; path = SDMMD_MCP.h; sourceTree = "<group>"; };
		22310D8B18750D430092C107 /* SDMMD_Applications.c */ = {isa = PBXFileReference; lastKnownFileType = sourcecode.c.c; path = SDMMD_Applications.c; sourceTree = "<group>"; };
		22310D8C18750D430092C107 /* SDMMD_Applications.h */ = {isa = PBXFileReference; lastKnownFileType = sourcecode.c.h; path = SDMMD_Applications.h; sourceTree = "<group>"; };
		22310D8E18750D430092C107 /* SDMMD_Connection.c */ = {isa = PBXFileReference; lastKnownFileType = sourcecode.c.c; path = SDMMD_Connection.c; sourceTree = "<group>"; };
		22310D8F18750D430092C107 /* SDMMD_Connection.h */ = {isa = PBXFileReference; lastKnownFileType = sourcecode.c.h; path = SDMMD_Connection.h; sourceTree = "<group>"; };
		22310D9118750D430092C107 /* SDMMD_Error.c */ = {isa = PBXFileReference; lastKnownFileType = sourcecode.c.c; path = SDMMD_Error.c; sourceTree = "<group>"; };
		22310D9218750D430092C107 /* SDMMD_Error.h */ = {isa = PBXFileReference; lastKnownFileType = sourcecode.c.h; path = SDMMD_Error.h; sourceTree = "<group>"; };
		22310D9418750D430092C107 /* SDMMD_AMDevice.c */ = {isa = PBXFileReference; lastKnownFileType = sourcecode.c.c; path = SDMMD_AMDevice.c; sourceTree = "<group>"; };
		22310D9518750D430092C107 /* SDMMD_AMDevice.h */ = {isa = PBXFileReference; lastKnownFileType = sourcecode.c.h; path = SDMMD_AMDevice.h; sourceTree = "<group>"; };
		22310D9618750D430092C107 /* SDMMD_Keys.h */ = {isa = PBXFileReference; lastKnownFileType = sourcecode.c.h; path = SDMMD_Keys.h; sourceTree = "<group>"; };
		22310D9718750D430092C107 /* SDMMD_MDFUModeDevice.c */ = {isa = PBXFileReference; lastKnownFileType = sourcecode.c.c; path = SDMMD_MDFUModeDevice.c; sourceTree = "<group>"; };
		22310D9818750D430092C107 /* SDMMD_MDFUModeDevice.h */ = {isa = PBXFileReference; lastKnownFileType = sourcecode.c.h; path = SDMMD_MDFUModeDevice.h; sourceTree = "<group>"; };
		22310D9918750D430092C107 /* SDMMD_MRecoveryModeDevice.c */ = {isa = PBXFileReference; lastKnownFileType = sourcecode.c.c; path = SDMMD_MRecoveryModeDevice.c; sourceTree = "<group>"; };
		22310D9A18750D430092C107 /* SDMMD_MRecoveryModeDevice.h */ = {isa = PBXFileReference; lastKnownFileType = sourcecode.c.h; path = SDMMD_MRecoveryModeDevice.h; sourceTree = "<group>"; };
		22310D9B18750D430092C107 /* SDMMD_MRestorableDevice.c */ = {isa = PBXFileReference; lastKnownFileType = sourcecode.c.c; path = SDMMD_MRestorableDevice.c; sourceTree = "<group>"; };
		22310D9C18750D430092C107 /* SDMMD_MRestorableDevice.h */ = {isa = PBXFileReference; lastKnownFileType = sourcecode.c.h; path = SDMMD_MRestorableDevice.h; sourceTree = "<group>"; };
		22310D9D18750D430092C107 /* SDMMD_MRestoreModeDevice.c */ = {isa = PBXFileReference; lastKnownFileType = sourcecode.c.c; path = SDMMD_MRestoreModeDevice.c; sourceTree = "<group>"; };
		22310D9E18750D430092C107 /* SDMMD_MRestoreModeDevice.h */ = {isa = PBXFileReference; lastKnownFileType = sourcecode.c.h; path = SDMMD_MRestoreModeDevice.h; sourceTree = "<group>"; };
		22310D9F18750D430092C107 /* SDMMD_MRUSBDevice.c */ = {isa = PBXFileReference; lastKnownFileType = sourcecode.c.c; path = SDMMD_MRUSBDevice.c; sourceTree = "<group>"; };
		22310DA018750D430092C107 /* SDMMD_MRUSBDevice.h */ = {isa = PBXFileReference; lastKnownFileType = sourcecode.c.h; path = SDMMD_MRUSBDevice.h; sourceTree = "<group>"; };
		22310DA218750D430092C107 /* SDMMD_Notification.c */ = {isa = PBXFileReference; lastKnownFileType = sourcecode.c.c; path = SDMMD_Notification.c; sourceTree = "<group>"; };
		22310DA318750D430092C107 /* SDMMD_Notification.h */ = {isa = PBXFileReference; lastKnownFileType = sourcecode.c.h; path = SDMMD_Notification.h; sourceTree = "<group>"; };
		22310DA518750D430092C107 /* SDMMD_Debugger.c */ = {isa = PBXFileReference; lastKnownFileType = sourcecode.c.c; path = SDMMD_Debugger.c; sourceTree = "<group>"; };
		22310DA618750D430092C107 /* SDMMD_Debugger.h */ = {isa = PBXFileReference; lastKnownFileType = sourcecode.c.h; path = SDMMD_Debugger.h; sourceTree = "<group>"; };
		22310DA718750D430092C107 /* SDMMD_Service.c */ = {isa = PBXFileReference; lastKnownFileType = sourcecode.c.c; path = SDMMD_Service.c; sourceTree = "<group>"; };
		22310DA818750D430092C107 /* SDMMD_Service.h */ = {isa = PBXFileReference; lastKnownFileType = sourcecode.c.h; path = SDMMD_Service.h; sourceTree = "<group>"; };
		22310DA918750D430092C107 /* SDMMobileDevice.h */ = {isa = PBXFileReference; lastKnownFileType = sourcecode.c.h; path = SDMMobileDevice.h; sourceTree = "<group>"; };
		22310DAC18750D430092C107 /* SDMTranslation.h */ = {isa = PBXFileReference; lastKnownFileType = sourcecode.c.h; path = SDMTranslation.h; sourceTree = "<group>"; };
		22310DAE18750D430092C107 /* SDMMD_USBMuxListener.c */ = {isa = PBXFileReference; lastKnownFileType = sourcecode.c.c; path = SDMMD_USBMuxListener.c; sourceTree = "<group>"; };
		22310DAF18750D430092C107 /* SDMMD_USBMuxListener.h */ = {isa = PBXFileReference; lastKnownFileType = sourcecode.c.h; path = SDMMD_USBMuxListener.h; sourceTree = "<group>"; };
		22310DC518750DCF0092C107 /* libssl.dylib */ = {isa = PBXFileReference; lastKnownFileType = "compiled.mach-o.dylib"; name = libssl.dylib; path = usr/lib/libssl.dylib; sourceTree = SDKROOT; };
		22310DC718750DE70092C107 /* libcrypto.dylib */ = {isa = PBXFileReference; lastKnownFileType = "compiled.mach-o.dylib"; name = libcrypto.dylib; path = usr/lib/libcrypto.dylib; sourceTree = SDKROOT; };
		22648F94189440EF00133948 /* power.h */ = {isa = PBXFileReference; lastKnownFileType = sourcecode.c.h; path = power.h; sourceTree = "<group>"; };
		22648F95189440F700133948 /* power.c */ = {isa = PBXFileReference; fileEncoding = 4; lastKnownFileType = sourcecode.c.c; path = power.c; sourceTree = "<group>"; };
		22648F9A18947DE100133948 /* IOKit.framework */ = {isa = PBXFileReference; lastKnownFileType = wrapper.framework; name = IOKit.framework; path = System/Library/Frameworks/IOKit.framework; sourceTree = SDKROOT; };
		22A58EB819119F1100303D31 /* CFStringAddition.c */ = {isa = PBXFileReference; fileEncoding = 4; lastKnownFileType = sourcecode.c.c; path = CFStringAddition.c; sourceTree = "<group>"; };
		22A58EB919119F1100303D31 /* CFStringAddition.h */ = {isa = PBXFileReference; fileEncoding = 4; lastKnownFileType = sourcecode.c.h; path = CFStringAddition.h; sourceTree = "<group>"; };
		22B9556A18788CB6004DCBF0 /* syslog.c */ = {isa = PBXFileReference; fileEncoding = 4; lastKnownFileType = sourcecode.c.c; path = syslog.c; sourceTree = "<group>"; };
		22B9556C18788D51004DCBF0 /* Features.h */ = {isa = PBXFileReference; lastKnownFileType = sourcecode.c.h; path = Features.h; sourceTree = "<group>"; };
		22B9556D18788D59004DCBF0 /* syslog.h */ = {isa = PBXFileReference; lastKnownFileType = sourcecode.c.h; path = syslog.h; sourceTree = "<group>"; };
		22B9556F187895D3004DCBF0 /* query.h */ = {isa = PBXFileReference; lastKnownFileType = sourcecode.c.h; path = query.h; sourceTree = "<group>"; };
		22B95570187895DB004DCBF0 /* query.c */ = {isa = PBXFileReference; fileEncoding = 4; lastKnownFileType = sourcecode.c.c; path = query.c; sourceTree = "<group>"; };
		22B9557318789837004DCBF0 /* list.c */ = {isa = PBXFileReference; fileEncoding = 4; lastKnownFileType = sourcecode.c.c; path = list.c; sourceTree = "<group>"; };
		22B9557518789844004DCBF0 /* list.h */ = {isa = PBXFileReference; lastKnownFileType = sourcecode.c.h; path = list.h; sourceTree = "<group>"; };
		22B9557718789DB0004DCBF0 /* attach.h */ = {isa = PBXFileReference; lastKnownFileType = sourcecode.c.h; path = attach.h; sourceTree = "<group>"; };
		22B9557818789DB7004DCBF0 /* attach.c */ = {isa = PBXFileReference; fileEncoding = 4; lastKnownFileType = sourcecode.c.c; path = attach.c; sourceTree = "<group>"; };
		22B9557C1878A7A2004DCBF0 /* service.c */ = {isa = PBXFileReference; fileEncoding = 4; lastKnownFileType = sourcecode.c.c; path = service.c; sourceTree = "<group>"; };
		22B9557E1878A7AB004DCBF0 /* service.h */ = {isa = PBXFileReference; lastKnownFileType = sourcecode.c.h; path = service.h; sourceTree = "<group>"; };
		22B955801878DA58004DCBF0 /* apps.h */ = {isa = PBXFileReference; lastKnownFileType = sourcecode.c.h; path = apps.h; sourceTree = "<group>"; };
		22B955811878DA5F004DCBF0 /* apps.c */ = {isa = PBXFileReference; fileEncoding = 4; lastKnownFileType = sourcecode.c.c; path = apps.c; sourceTree = "<group>"; };
		22B955871878F14F004DCBF0 /* run.c */ = {isa = PBXFileReference; fileEncoding = 4; lastKnownFileType = sourcecode.c.c; path = run.c; sourceTree = "<group>"; };
		22B955891878F157004DCBF0 /* run.h */ = {isa = PBXFileReference; lastKnownFileType = sourcecode.c.h; path = run.h; sourceTree = "<group>"; };
		22B9558B1879DB51004DCBF0 /* libncurses.dylib */ = {isa = PBXFileReference; lastKnownFileType = "compiled.mach-o.dylib"; name = libncurses.dylib; path = usr/lib/libncurses.dylib; sourceTree = SDKROOT; };
		22C892B1189D75C7008B1D2D /* Buffer.c */ = {isa = PBXFileReference; fileEncoding = 4; lastKnownFileType = sourcecode.c.c; path = Buffer.c; sourceTree = "<group>"; };
		22C892B2189D75C7008B1D2D /* Buffer.h */ = {isa = PBXFileReference; fileEncoding = 4; lastKnownFileType = sourcecode.c.h; path = Buffer.h; sourceTree = "<group>"; };
		22C892B4189D75CC008B1D2D /* CFDataAddition.c */ = {isa = PBXFileReference; fileEncoding = 4; lastKnownFileType = sourcecode.c.c; path = CFDataAddition.c; sourceTree = "<group>"; };
		22C892B5189D75CC008B1D2D /* CFDataAddition.h */ = {isa = PBXFileReference; fileEncoding = 4; lastKnownFileType = sourcecode.c.h; path = CFDataAddition.h; sourceTree = "<group>"; };
		22D7FA3D18F56B7A0034CC66 /* SDMMD_AppleFileConduit.c */ = {isa = PBXFileReference; fileEncoding = 4; lastKnownFileType = sourcecode.c.c; path = SDMMD_AppleFileConduit.c; sourceTree = "<group>"; };
		22D7FA3E18F56B7A0034CC66 /* SDMMD_AppleFileConduit.h */ = {isa = PBXFileReference; fileEncoding = 4; lastKnownFileType = sourcecode.c.h; path = SDMMD_AppleFileConduit.h; sourceTree = "<group>"; };
		22DEF93E18833556008E909F /* CFTypeAddition.h */ = {isa = PBXFileReference; lastKnownFileType = sourcecode.c.h; path = CFTypeAddition.h; sourceTree = "<group>"; };
		22DEF93F18833562008E909F /* CFTypeAddition.c */ = {isa = PBXFileReference; fileEncoding = 4; lastKnownFileType = sourcecode.c.c; path = CFTypeAddition.c; sourceTree = "<group>"; };
		22EFC8B81900293500C29BFF /* Array.h */ = {isa = PBXFileReference; fileEncoding = 4; lastKnownFileType = sourcecode.c.h; path = Array.h; sourceTree = "<group>"; };
		22EFC8B91900293500C29BFF /* Endian.h */ = {isa = PBXFileReference; fileEncoding = 4; lastKnownFileType = sourcecode.c.h; path = Endian.h; sourceTree = "<group>"; };
		22EFC8BA1900293500C29BFF /* File.c */ = {isa = PBXFileReference; fileEncoding = 4; lastKnownFileType = sourcecode.c.c; path = File.c; sourceTree = "<group>"; };
		22EFC8BB1900293500C29BFF /* File.h */ = {isa = PBXFileReference; fileEncoding = 4; lastKnownFileType = sourcecode.c.h; path = File.h; sourceTree = "<group>"; };
		22EFC8BE1900330E00C29BFF /* dev.h */ = {isa = PBXFileReference; lastKnownFileType = sourcecode.c.h; path = dev.h; sourceTree = "<group>"; };
		22EFC8BF1900331500C29BFF /* dev.c */ = {isa = PBXFileReference; fileEncoding = 4; lastKnownFileType = sourcecode.c.c; path = dev.c; sourceTree = "<group>"; };
		22FE3F0E189E84A4005C2DB2 /* springboard.h */ = {isa = PBXFileReference; lastKnownFileType = sourcecode.c.h; path = springboard.h; sourceTree = "<group>"; };
		22FE3F0F189E84B2005C2DB2 /* springboard.c */ = {isa = PBXFileReference; fileEncoding = 4; lastKnownFileType = sourcecode.c.c; path = springboard.c; sourceTree = "<group>"; };
		22FFB8C01880DE140073095D /* Core.h */ = {isa = PBXFileReference; fileEncoding = 4; lastKnownFileType = sourcecode.c.h; path = Core.h; sourceTree = "<group>"; };
		22FFB8C21880DE140073095D /* CFDictionaryAddition.c */ = {isa = PBXFileReference; fileEncoding = 4; lastKnownFileType = sourcecode.c.c; path = CFDictionaryAddition.c; sourceTree = "<group>"; };
		22FFB8C31880DE140073095D /* CFDictionaryAddition.h */ = {isa = PBXFileReference; fileEncoding = 4; lastKnownFileType = sourcecode.c.h; path = CFDictionaryAddition.h; sourceTree = "<group>"; };
		22FFB8C51880DE140073095D /* GeometryMaths.h */ = {isa = PBXFileReference; fileEncoding = 4; lastKnownFileType = sourcecode.c.h; path = GeometryMaths.h; sourceTree = "<group>"; };
		22FFB8C61880DE140073095D /* Matrix.c */ = {isa = PBXFileReference; fileEncoding = 4; lastKnownFileType = sourcecode.c.c; path = Matrix.c; sourceTree = "<group>"; };
		22FFB8C71880DE140073095D /* Matrix.h */ = {isa = PBXFileReference; fileEncoding = 4; lastKnownFileType = sourcecode.c.h; path = Matrix.h; sourceTree = "<group>"; };
		22FFB8C81880DE140073095D /* Vector.c */ = {isa = PBXFileReference; fileEncoding = 4; lastKnownFileType = sourcecode.c.c; path = Vector.c; sourceTree = "<group>"; };
		22FFB8C91880DE140073095D /* Vector.h */ = {isa = PBXFileReference; fileEncoding = 4; lastKnownFileType = sourcecode.c.h; path = Vector.h; sourceTree = "<group>"; };
		22FFB8CA1880DE140073095D /* Logging.h */ = {isa = PBXFileReference; fileEncoding = 4; lastKnownFileType = sourcecode.c.h; path = Logging.h; sourceTree = "<group>"; };
		22FFB8CB1880DE140073095D /* Number.h */ = {isa = PBXFileReference; fileEncoding = 4; lastKnownFileType = sourcecode.c.h; path = Number.h; sourceTree = "<group>"; };
		22FFB8CC1880DE140073095D /* Pointer.h */ = {isa = PBXFileReference; fileEncoding = 4; lastKnownFileType = sourcecode.c.h; path = Pointer.h; sourceTree = "<group>"; };
		22FFB8CD1880DE140073095D /* Range.h */ = {isa = PBXFileReference; fileEncoding = 4; lastKnownFileType = sourcecode.c.h; path = Range.h; sourceTree = "<group>"; };
/* End PBXFileReference section */

/* Begin PBXFrameworksBuildPhase section */
		22310D631874F4B10092C107 /* Frameworks */ = {
			isa = PBXFrameworksBuildPhase;
			buildActionMask = 2147483647;
			files = (
				22648F9B18947DE100133948 /* IOKit.framework in Frameworks */,
				22310DC818750DE70092C107 /* libcrypto.dylib in Frameworks */,
				22310DC618750DCF0092C107 /* libssl.dylib in Frameworks */,
				22310D6A1874F4B10092C107 /* CoreFoundation.framework in Frameworks */,
			);
			runOnlyForDeploymentPostprocessing = 0;
		};
/* End PBXFrameworksBuildPhase section */

/* Begin PBXGroup section */
		22247E071928F65600719F8D /* test */ = {
			isa = PBXGroup;
			children = (
				22247E081928F66E00719F8D /* test.h */,
				22247E091928F67600719F8D /* test.c */,
			);
			name = test;
			sourceTree = "<group>";
		};
		222EF61119055E01000270C3 /* install */ = {
			isa = PBXGroup;
			children = (
				222EF60E19055DF5000270C3 /* install.h */,
				222EF60F19055DFD000270C3 /* install.c */,
			);
			name = install;
			sourceTree = "<group>";
		};
		22310D5D1874F4B10092C107 = {
			isa = PBXGroup;
			children = (
				22310D7818750D430092C107 /* MobileDevice */,
				22310D6B1874F4B10092C107 /* iOSConsole */,
				22310D681874F4B10092C107 /* Frameworks */,
				22310D671874F4B10092C107 /* Products */,
			);
			sourceTree = "<group>";
		};
		22310D671874F4B10092C107 /* Products */ = {
			isa = PBXGroup;
			children = (
				22310D661874F4B10092C107 /* iOSConsole */,
			);
			name = Products;
			sourceTree = "<group>";
		};
		22310D681874F4B10092C107 /* Frameworks */ = {
			isa = PBXGroup;
			children = (
				22648F9A18947DE100133948 /* IOKit.framework */,
				22B9558B1879DB51004DCBF0 /* libncurses.dylib */,
				22310DC718750DE70092C107 /* libcrypto.dylib */,
				22310DC518750DCF0092C107 /* libssl.dylib */,
				22310D751874F5420092C107 /* SDMMobileDevice.framework */,
				22310D691874F4B10092C107 /* CoreFoundation.framework */,
			);
			name = Frameworks;
			sourceTree = "<group>";
		};
		22310D6B1874F4B10092C107 /* iOSConsole */ = {
			isa = PBXGroup;
			children = (
				222EF61119055E01000270C3 /* install */,
				22EFC8BD1900330400C29BFF /* dev */,
				22FFB8BF1880DE140073095D /* Core */,
				22648F93189440D800133948 /* power */,
				22B955861878F145004DCBF0 /* run */,
				22B9557F1878DA4E004DCBF0 /* apps */,
				22B9557A1878A780004DCBF0 /* Services */,
				22B9557618789DA7004DCBF0 /* attach */,
				22B955721878982E004DCBF0 /* list */,
				22B9556E187895CA004DCBF0 /* query */,
				22B9556C18788D51004DCBF0 /* Features.h */,
				22310D6C1874F4B10092C107 /* main.c */,
				22310D6E1874F4B10092C107 /* iOSConsole.1 */,
			);
			path = iOSConsole;
			sourceTree = "<group>";
		};
		22310D7818750D430092C107 /* MobileDevice */ = {
			isa = PBXGroup;
			children = (
				220B5B1B188374D80082AF84 /* SDMMD_Types.h */,
				22310D7918750D430092C107 /* CFRuntime.h */,
				22310D7A18750D430092C107 /* SDMAFCDevice */,
				22310D8718750D430092C107 /* SDMMD_Functions.h */,
				22310D8818750D430092C107 /* SDMMD_MCP.c */,
				22310D8918750D430092C107 /* SDMMD_MCP.h */,
				22310D8A18750D430092C107 /* SDMMDApplications */,
				22310D8D18750D430092C107 /* SDMMDConnection */,
				22310D9018750D430092C107 /* SDMMDError */,
				22310D9318750D430092C107 /* SDMMDevice */,
				22310DA118750D430092C107 /* SDMMDNotification */,
				22310DA418750D430092C107 /* SDMMDService */,
				22310DA918750D430092C107 /* SDMMobileDevice.h */,
				22310DAC18750D430092C107 /* SDMTranslation.h */,
				22310DAD18750D430092C107 /* SDMUSBmuxListener */,
			);
			name = MobileDevice;
			path = ../Framework/MobileDevice;
			sourceTree = "<group>";
		};
		22310D7A18750D430092C107 /* SDMAFCDevice */ = {
			isa = PBXGroup;
			children = (
				22D7FA3D18F56B7A0034CC66 /* SDMMD_AppleFileConduit.c */,
				22D7FA3E18F56B7A0034CC66 /* SDMMD_AppleFileConduit.h */,
				22310D7B18750D430092C107 /* SDMMD_AFC.c */,
				22310D7C18750D430092C107 /* SDMMD_AFC.h */,
				22310D7D18750D430092C107 /* SDMMD_AFCCondition.c */,
				22310D7E18750D430092C107 /* SDMMD_AFCCondition.h */,
				22310D7F18750D430092C107 /* SDMMD_AFCDevice.c */,
				22310D8018750D430092C107 /* SDMMD_AFCDevice.h */,
				22310D8118750D430092C107 /* SDMMD_AFCIterator.c */,
				22310D8218750D430092C107 /* SDMMD_AFCIterator.h */,
				22310D8318750D430092C107 /* SDMMD_AFCLock.c */,
				22310D8418750D430092C107 /* SDMMD_AFCLock.h */,
				22310D8518750D430092C107 /* SDMMD_AFCOperation.c */,
				22310D8618750D430092C107 /* SDMMD_AFCOperation.h */,
			);
			path = SDMAFCDevice;
			sourceTree = "<group>";
		};
		22310D8A18750D430092C107 /* SDMMDApplications */ = {
			isa = PBXGroup;
			children = (
				22310D8B18750D430092C107 /* SDMMD_Applications.c */,
				22310D8C18750D430092C107 /* SDMMD_Applications.h */,
			);
			path = SDMMDApplications;
			sourceTree = "<group>";
		};
		22310D8D18750D430092C107 /* SDMMDConnection */ = {
			isa = PBXGroup;
			children = (
				22310D8E18750D430092C107 /* SDMMD_Connection.c */,
				22310D8F18750D430092C107 /* SDMMD_Connection.h */,
			);
			path = SDMMDConnection;
			sourceTree = "<group>";
		};
		22310D9018750D430092C107 /* SDMMDError */ = {
			isa = PBXGroup;
			children = (
				22310D9118750D430092C107 /* SDMMD_Error.c */,
				22310D9218750D430092C107 /* SDMMD_Error.h */,
			);
			path = SDMMDError;
			sourceTree = "<group>";
		};
		22310D9318750D430092C107 /* SDMMDevice */ = {
			isa = PBXGroup;
			children = (
				22310D9418750D430092C107 /* SDMMD_AMDevice.c */,
				22310D9518750D430092C107 /* SDMMD_AMDevice.h */,
				22310D9618750D430092C107 /* SDMMD_Keys.h */,
				22310D9718750D430092C107 /* SDMMD_MDFUModeDevice.c */,
				22310D9818750D430092C107 /* SDMMD_MDFUModeDevice.h */,
				22310D9918750D430092C107 /* SDMMD_MRecoveryModeDevice.c */,
				22310D9A18750D430092C107 /* SDMMD_MRecoveryModeDevice.h */,
				22310D9B18750D430092C107 /* SDMMD_MRestorableDevice.c */,
				22310D9C18750D430092C107 /* SDMMD_MRestorableDevice.h */,
				22310D9D18750D430092C107 /* SDMMD_MRestoreModeDevice.c */,
				22310D9E18750D430092C107 /* SDMMD_MRestoreModeDevice.h */,
				22310D9F18750D430092C107 /* SDMMD_MRUSBDevice.c */,
				22310DA018750D430092C107 /* SDMMD_MRUSBDevice.h */,
			);
			path = SDMMDevice;
			sourceTree = "<group>";
		};
		22310DA118750D430092C107 /* SDMMDNotification */ = {
			isa = PBXGroup;
			children = (
				22310DA218750D430092C107 /* SDMMD_Notification.c */,
				22310DA318750D430092C107 /* SDMMD_Notification.h */,
			);
			path = SDMMDNotification;
			sourceTree = "<group>";
		};
		22310DA418750D430092C107 /* SDMMDService */ = {
			isa = PBXGroup;
			children = (
				2225F1E81905D35400AF501E /* SDMMD_Debugger_Internal.h */,
				22310DA518750D430092C107 /* SDMMD_Debugger.c */,
				22310DA618750D430092C107 /* SDMMD_Debugger.h */,
				22310DA718750D430092C107 /* SDMMD_Service.c */,
				22310DA818750D430092C107 /* SDMMD_Service.h */,
			);
			path = SDMMDService;
			sourceTree = "<group>";
		};
		22310DAD18750D430092C107 /* SDMUSBmuxListener */ = {
			isa = PBXGroup;
			children = (
				22310DAE18750D430092C107 /* SDMMD_USBMuxListener.c */,
				22310DAF18750D430092C107 /* SDMMD_USBMuxListener.h */,
			);
			path = SDMUSBmuxListener;
			sourceTree = "<group>";
		};
		22648F93189440D800133948 /* power */ = {
			isa = PBXGroup;
			children = (
				22648F94189440EF00133948 /* power.h */,
				22648F95189440F700133948 /* power.c */,
			);
			name = power;
			sourceTree = "<group>";
		};
		22B9556918788C9F004DCBF0 /* syslog */ = {
			isa = PBXGroup;
			children = (
				22B9556D18788D59004DCBF0 /* syslog.h */,
				22B9556A18788CB6004DCBF0 /* syslog.c */,
			);
			name = syslog;
			sourceTree = "<group>";
		};
		22B9556E187895CA004DCBF0 /* query */ = {
			isa = PBXGroup;
			children = (
				22B9556F187895D3004DCBF0 /* query.h */,
				22B95570187895DB004DCBF0 /* query.c */,
			);
			name = query;
			sourceTree = "<group>";
		};
		22B955721878982E004DCBF0 /* list */ = {
			isa = PBXGroup;
			children = (
				22B9557518789844004DCBF0 /* list.h */,
				22B9557318789837004DCBF0 /* list.c */,
			);
			name = list;
			sourceTree = "<group>";
		};
		22B9557618789DA7004DCBF0 /* attach */ = {
			isa = PBXGroup;
			children = (
				22B9557718789DB0004DCBF0 /* attach.h */,
				22B9557818789DB7004DCBF0 /* attach.c */,
			);
			name = attach;
			sourceTree = "<group>";
		};
		22B9557A1878A780004DCBF0 /* Services */ = {
			isa = PBXGroup;
			children = (
				22247E071928F65600719F8D /* test */,
				22FE3F0D189E8491005C2DB2 /* springboard */,
				22B9557B1878A795004DCBF0 /* service */,
				22B9556918788C9F004DCBF0 /* syslog */,
			);
			name = Services;
			sourceTree = "<group>";
		};
		22B9557B1878A795004DCBF0 /* service */ = {
			isa = PBXGroup;
			children = (
				22B9557E1878A7AB004DCBF0 /* service.h */,
				22B9557C1878A7A2004DCBF0 /* service.c */,
			);
			name = service;
			sourceTree = "<group>";
		};
		22B9557F1878DA4E004DCBF0 /* apps */ = {
			isa = PBXGroup;
			children = (
				22B955801878DA58004DCBF0 /* apps.h */,
				22B955811878DA5F004DCBF0 /* apps.c */,
			);
			name = apps;
			sourceTree = "<group>";
		};
		22B955861878F145004DCBF0 /* run */ = {
			isa = PBXGroup;
			children = (
				22B955891878F157004DCBF0 /* run.h */,
				22B955871878F14F004DCBF0 /* run.c */,
			);
			name = run;
			sourceTree = "<group>";
		};
		22EFC8BD1900330400C29BFF /* dev */ = {
			isa = PBXGroup;
			children = (
				22EFC8BE1900330E00C29BFF /* dev.h */,
				22EFC8BF1900331500C29BFF /* dev.c */,
			);
			name = dev;
			sourceTree = "<group>";
		};
		22FE3F0D189E8491005C2DB2 /* springboard */ = {
			isa = PBXGroup;
			children = (
				22FE3F0E189E84A4005C2DB2 /* springboard.h */,
				22FE3F0F189E84B2005C2DB2 /* springboard.c */,
			);
			name = springboard;
			sourceTree = "<group>";
		};
		22FFB8BF1880DE140073095D /* Core */ = {
			isa = PBXGroup;
			children = (
				22EFC8BA1900293500C29BFF /* File.c */,
				22EFC8BB1900293500C29BFF /* File.h */,
				22C892B1189D75C7008B1D2D /* Buffer.c */,
				22C892B2189D75C7008B1D2D /* Buffer.h */,
				220B5B1C188375040082AF84 /* Attributes.h */,
				22FFB8C01880DE140073095D /* Core.h */,
				22FFB8C11880DE140073095D /* CoreFoundation */,
				22FFB8C41880DE140073095D /* Geometry */,
				22FFB8CA1880DE140073095D /* Logging.h */,
				22FFB8CB1880DE140073095D /* Number.h */,
				22FFB8CC1880DE140073095D /* Pointer.h */,
				22FFB8CD1880DE140073095D /* Range.h */,
				22EFC8B81900293500C29BFF /* Array.h */,
				22EFC8B91900293500C29BFF /* Endian.h */,
			);
			name = Core;
			path = ../../Core/Core;
			sourceTree = "<group>";
		};
		22FFB8C11880DE140073095D /* CoreFoundation */ = {
			isa = PBXGroup;
			children = (
				22A58EB819119F1100303D31 /* CFStringAddition.c */,
				22A58EB919119F1100303D31 /* CFStringAddition.h */,
				22C892B4189D75CC008B1D2D /* CFDataAddition.c */,
				22C892B5189D75CC008B1D2D /* CFDataAddition.h */,
				22FFB8C31880DE140073095D /* CFDictionaryAddition.h */,
				22FFB8C21880DE140073095D /* CFDictionaryAddition.c */,
				22DEF93E18833556008E909F /* CFTypeAddition.h */,
				22DEF93F18833562008E909F /* CFTypeAddition.c */,
			);
			path = CoreFoundation;
			sourceTree = "<group>";
		};
		22FFB8C41880DE140073095D /* Geometry */ = {
			isa = PBXGroup;
			children = (
				22FFB8C51880DE140073095D /* GeometryMaths.h */,
				22FFB8C71880DE140073095D /* Matrix.h */,
				22FFB8C61880DE140073095D /* Matrix.c */,
				22FFB8C91880DE140073095D /* Vector.h */,
				22FFB8C81880DE140073095D /* Vector.c */,
			);
			path = Geometry;
			sourceTree = "<group>";
		};
/* End PBXGroup section */

/* Begin PBXNativeTarget section */
		22310D651874F4B10092C107 /* iOSConsole */ = {
			isa = PBXNativeTarget;
			buildConfigurationList = 22310D721874F4B10092C107 /* Build configuration list for PBXNativeTarget "iOSConsole" */;
			buildPhases = (
				22310D621874F4B10092C107 /* Sources */,
				22310D631874F4B10092C107 /* Frameworks */,
				22310D641874F4B10092C107 /* CopyFiles */,
			);
			buildRules = (
			);
			dependencies = (
			);
			name = iOSConsole;
			productName = iOSConsole;
			productReference = 22310D661874F4B10092C107 /* iOSConsole */;
			productType = "com.apple.product-type.tool";
		};
/* End PBXNativeTarget section */

/* Begin PBXProject section */
		22310D5E1874F4B10092C107 /* Project object */ = {
			isa = PBXProject;
			attributes = {
				LastUpgradeCheck = 0510;
				ORGANIZATIONNAME = "Sam Marshall";
			};
			buildConfigurationList = 22310D611874F4B10092C107 /* Build configuration list for PBXProject "iOSConsole" */;
			compatibilityVersion = "Xcode 3.2";
			developmentRegion = English;
			hasScannedForEncodings = 0;
			knownRegions = (
				en,
			);
			mainGroup = 22310D5D1874F4B10092C107;
			productRefGroup = 22310D671874F4B10092C107 /* Products */;
			projectDirPath = "";
			projectRoot = "";
			targets = (
				22310D651874F4B10092C107 /* iOSConsole */,
			);
		};
/* End PBXProject section */

/* Begin PBXSourcesBuildPhase section */
		22310D621874F4B10092C107 /* Sources */ = {
			isa = PBXSourcesBuildPhase;
			buildActionMask = 2147483647;
			files = (
				22B9558A1878F4A7004DCBF0 /* SDMMD_Debugger.c in Sources */,
				22EFC8C01900331500C29BFF /* dev.c in Sources */,
				22DEF94018833562008E909F /* CFTypeAddition.c in Sources */,
				22FE3F10189E84B2005C2DB2 /* springboard.c in Sources */,
				22FFB8CE1880DE140073095D /* CFDictionaryAddition.c in Sources */,
				22310DB018750D9E0092C107 /* SDMMD_MCP.c in Sources */,
				22310DB118750D9E0092C107 /* SDMMD_Applications.c in Sources */,
				22310DB218750D9E0092C107 /* SDMMD_Connection.c in Sources */,
				22648F96189440F700133948 /* power.c in Sources */,
				22A58EBA19119F1100303D31 /* CFStringAddition.c in Sources */,
				22C892B6189D75CC008B1D2D /* CFDataAddition.c in Sources */,
				22310DB318750D9E0092C107 /* SDMMD_Error.c in Sources */,
				22310DB418750D9E0092C107 /* SDMMD_AMDevice.c in Sources */,
				22B9557918789DB7004DCBF0 /* attach.c in Sources */,
				22C892B3189D75C7008B1D2D /* Buffer.c in Sources */,
				22D7FA3F18F56B7A0034CC66 /* SDMMD_AppleFileConduit.c in Sources */,
				22310DB518750D9E0092C107 /* SDMMD_Notification.c in Sources */,
				22EFC8BC1900293500C29BFF /* File.c in Sources */,
				22B955821878DA5F004DCBF0 /* apps.c in Sources */,
				22310DB618750D9E0092C107 /* SDMMD_Service.c in Sources */,
				22FFB8CF1880DE140073095D /* Matrix.c in Sources */,
				22310DB818750D9E0092C107 /* SDMMD_USBMuxListener.c in Sources */,
				22247E0A1928F67600719F8D /* test.c in Sources */,
				22B955881878F14F004DCBF0 /* run.c in Sources */,
				22B9557D1878A7A2004DCBF0 /* service.c in Sources */,
				22B95571187895DB004DCBF0 /* query.c in Sources */,
				22FFB8D01880DE140073095D /* Vector.c in Sources */,
				222EF61019055DFD000270C3 /* install.c in Sources */,
				22B9557418789837004DCBF0 /* list.c in Sources */,
				22B9556B18788CB6004DCBF0 /* syslog.c in Sources */,
				22310D6D1874F4B10092C107 /* main.c in Sources */,
			);
			runOnlyForDeploymentPostprocessing = 0;
		};
/* End PBXSourcesBuildPhase section */

/* Begin XCBuildConfiguration section */
		22310D701874F4B10092C107 /* Debug */ = {
			isa = XCBuildConfiguration;
			buildSettings = {
				ALWAYS_SEARCH_USER_PATHS = NO;
				CLANG_CXX_LANGUAGE_STANDARD = "gnu++0x";
				CLANG_CXX_LIBRARY = "libc++";
				CLANG_ENABLE_OBJC_ARC = YES;
				CLANG_WARN_BOOL_CONVERSION = YES;
				CLANG_WARN_CONSTANT_CONVERSION = YES;
				CLANG_WARN_DIRECT_OBJC_ISA_USAGE = YES_ERROR;
				CLANG_WARN_EMPTY_BODY = YES;
				CLANG_WARN_ENUM_CONVERSION = YES;
				CLANG_WARN_INT_CONVERSION = YES;
				CLANG_WARN_OBJC_ROOT_CLASS = YES_ERROR;
				CLANG_WARN__DUPLICATE_METHOD_MATCH = YES;
				CODE_SIGN_IDENTITY = "Developer ID Application";
				COPY_PHASE_STRIP = NO;
				GCC_C_LANGUAGE_STANDARD = gnu99;
				GCC_DYNAMIC_NO_PIC = NO;
				GCC_ENABLE_OBJC_EXCEPTIONS = YES;
				GCC_OPTIMIZATION_LEVEL = 0;
				GCC_PREPROCESSOR_DEFINITIONS = (
					"DEBUG=1",
					"$(inherited)",
				);
				GCC_SYMBOLS_PRIVATE_EXTERN = NO;
				GCC_WARN_64_TO_32_BIT_CONVERSION = YES;
				GCC_WARN_ABOUT_RETURN_TYPE = YES_ERROR;
				GCC_WARN_UNDECLARED_SELECTOR = YES;
				GCC_WARN_UNINITIALIZED_AUTOS = YES;
				GCC_WARN_UNUSED_FUNCTION = YES;
				GCC_WARN_UNUSED_VARIABLE = YES;
				MACOSX_DEPLOYMENT_TARGET = 10.6;
				ONLY_ACTIVE_ARCH = YES;
				SDKROOT = macosx;
			};
			name = Debug;
		};
		22310D711874F4B10092C107 /* Release */ = {
			isa = XCBuildConfiguration;
			buildSettings = {
				ALWAYS_SEARCH_USER_PATHS = NO;
				CLANG_CXX_LANGUAGE_STANDARD = "gnu++0x";
				CLANG_CXX_LIBRARY = "libc++";
				CLANG_ENABLE_OBJC_ARC = YES;
				CLANG_WARN_BOOL_CONVERSION = YES;
				CLANG_WARN_CONSTANT_CONVERSION = YES;
				CLANG_WARN_DIRECT_OBJC_ISA_USAGE = YES_ERROR;
				CLANG_WARN_EMPTY_BODY = YES;
				CLANG_WARN_ENUM_CONVERSION = YES;
				CLANG_WARN_INT_CONVERSION = YES;
				CLANG_WARN_OBJC_ROOT_CLASS = YES_ERROR;
				CLANG_WARN__DUPLICATE_METHOD_MATCH = YES;
				CODE_SIGN_IDENTITY = "Developer ID Application";
				COPY_PHASE_STRIP = YES;
				DEBUG_INFORMATION_FORMAT = "dwarf-with-dsym";
				ENABLE_NS_ASSERTIONS = NO;
				GCC_C_LANGUAGE_STANDARD = gnu99;
				GCC_ENABLE_OBJC_EXCEPTIONS = YES;
				GCC_OPTIMIZATION_LEVEL = 0;
				GCC_WARN_64_TO_32_BIT_CONVERSION = YES;
				GCC_WARN_ABOUT_RETURN_TYPE = YES_ERROR;
				GCC_WARN_UNDECLARED_SELECTOR = YES;
				GCC_WARN_UNINITIALIZED_AUTOS = YES;
				GCC_WARN_UNUSED_FUNCTION = YES;
				GCC_WARN_UNUSED_VARIABLE = YES;
				MACOSX_DEPLOYMENT_TARGET = 10.6;
				SDKROOT = macosx;
			};
			name = Release;
		};
		22310D731874F4B10092C107 /* Debug */ = {
			isa = XCBuildConfiguration;
			buildSettings = {
				CODE_SIGN_IDENTITY = "";
				FRAMEWORK_SEARCH_PATHS = "$(inherited)";
				PRODUCT_NAME = "$(TARGET_NAME)";
				SDKROOT = macosx;
				SYMROOT = ../build;
			};
			name = Debug;
		};
		22310D741874F4B10092C107 /* Release */ = {
			isa = XCBuildConfiguration;
			buildSettings = {
				CODE_SIGN_IDENTITY = "";
				FRAMEWORK_SEARCH_PATHS = "$(inherited)";
				GCC_OPTIMIZATION_LEVEL = 0;
				PRODUCT_NAME = "$(TARGET_NAME)";
				SDKROOT = macosx;
				SYMROOT = ../build;
			};
			name = Release;
		};
/* End XCBuildConfiguration section */

/* Begin XCConfigurationList section */
		22310D611874F4B10092C107 /* Build configuration list for PBXProject "iOSConsole" */ = {
			isa = XCConfigurationList;
			buildConfigurations = (
				22310D701874F4B10092C107 /* Debug */,
				22310D711874F4B10092C107 /* Release */,
			);
			defaultConfigurationIsVisible = 0;
			defaultConfigurationName = Release;
		};
		22310D721874F4B10092C107 /* Build configuration list for PBXNativeTarget "iOSConsole" */ = {
			isa = XCConfigurationList;
			buildConfigurations = (
				22310D731874F4B10092C107 /* Debug */,
				22310D741874F4B10092C107 /* Release */,
			);
			defaultConfigurationIsVisible = 0;
			defaultConfigurationName = Release;
		};
/* End XCConfigurationList section */
	};
	rootObject = 22310D5E1874F4B10092C107 /* Project object */;
}
